Microsoft Visual Studio Solution File, Format Version 12.00
# Visual Studio Version 18
VisualStudioVersion = 18.4.11612.150
MinimumVisualStudioVersion = 10.0.40219.1
Project("{FAE04EC0-301F-11D3-BF4B-00C04F79EFBC}") = "ChangeLog.mcp.server", "ChangeLog.mcp.server\ChangeLog.mcp.server.csproj", "{5779D2A1-BF79-BC25-6650-A149F2BDDB3E}"
EndProject
Project("{FAE04EC0-301F-11D3-BF4B-00C04F79EFBC}") = "McpAspireHost", "McpAspireHost\McpAspireHost.csproj", "{EA5926C1-3E8E-AC31-BD8D-F8D60C430A7B}"
EndProject
Project("{FAE04EC0-301F-11D3-BF4B-00C04F79EFBC}") = "ProjectServiceDefaults", "ProjectServiceDefaults\ProjectServiceDefaults.csproj", "{E4EBB417-E77A-154D-F23D-28D0C486D6B8}"
EndProject
Project("{FAE04EC0-301F-11D3-BF4B-00C04F79EFBC}") = "Github-Co-Pilot-Local", "Github-Co-Pilot-Local\Github-Co-Pilot-Local.csproj", "{26D30B43-A723-429B-9DD9-99F4D3D97373}"
EndProject
Project("{FAE04EC0-301F-11D3-BF4B-00C04F79EFBC}") = "BlobService", "BlobService\BlobService.csproj", "{C129F087-8B33-68B7-1241-FA4C62775BC4}"
EndProject
Global
	GlobalSection(SolutionConfigurationPlatforms) = preSolution
		Debug|Any CPU = Debug|Any CPU
		Release|Any CPU = Release|Any CPU
	EndGlobalSection
	GlobalSection(ProjectConfigurationPlatforms) = postSolution
		{5779D2A1-BF79-BC25-6650-A149F2BDDB3E}.Debug|Any CPU.ActiveCfg = Debug|Any CPU
		{5779D2A1-BF79-BC25-6650-A149F2BDDB3E}.Debug|Any CPU.Build.0 = Debug|Any CPU
		{5779D2A1-BF79-BC25-6650-A149F2BDDB3E}.Release|Any CPU.ActiveCfg = Release|Any CPU
		{5779D2A1-BF79-BC25-6650-A149F2BDDB3E}.Release|Any CPU.Build.0 = Release|Any CPU
		{EA5926C1-3E8E-AC31-BD8D-F8D60C430A7B}.Debug|Any CPU.ActiveCfg = Debug|Any CPU
		{EA5926C1-3E8E-AC31-BD8D-F8D60C430A7B}.Debug|Any CPU.Build.0 = Debug|Any CPU
		{EA5926C1-3E8E-AC31-BD8D-F8D60C430A7B}.Release|Any CPU.ActiveCfg = Release|Any CPU
		{EA5926C1-3E8E-AC31-BD8D-F8D60C430A7B}.Release|Any CPU.Build.0 = Release|Any CPU
		{E4EBB417-E77A-154D-F23D-28D0C486D6B8}.Debug|Any CPU.ActiveCfg = Debug|Any CPU
		{E4EBB417-E77A-154D-F23D-28D0C486D6B8}.Debug|Any CPU.Build.0 = Debug|Any CPU
		{E4EBB417-E77A-154D-F23D-28D0C486D6B8}.Release|Any CPU.ActiveCfg = Release|Any CPU
		{E4EBB417-E77A-154D-F23D-28D0C486D6B8}.Release|Any CPU.Build.0 = Release|Any CPU
		{26D30B43-A723-429B-9DD9-99F4D3D97373}.Debug|Any CPU.ActiveCfg = Debug|Any CPU
		{26D30B43-A723-429B-9DD9-99F4D3D97373}.Debug|Any CPU.Build.0 = Debug|Any CPU
		{26D30B43-A723-429B-9DD9-99F4D3D97373}.Release|Any CPU.ActiveCfg = Release|Any CPU
		{26D30B43-A723-429B-9DD9-99F4D3D97373}.Release|Any CPU.Build.0 = Release|Any CPU
		{C129F087-8B33-68B7-1241-FA4C62775BC4}.Debug|Any CPU.ActiveCfg = Debug|Any CPU
		{C129F087-8B33-68B7-1241-FA4C62775BC4}.Debug|Any CPU.Build.0 = Debug|Any CPU
		{C129F087-8B33-68B7-1241-FA4C62775BC4}.Release|Any CPU.ActiveCfg = Release|Any CPU
		{C129F087-8B33-68B7-1241-FA4C62775BC4}.Release|Any CPU.Build.0 = Release|Any CPU
	EndGlobalSection
	GlobalSection(SolutionProperties) = preSolution
		HideSolutionNode = FALSE
	EndGlobalSection
	GlobalSection(ExtensibilityGlobals) = postSolution
		SolutionGuid = {DFDB4F93-1644-40B0-85CD-FBB99BFE36F2}
	EndGlobalSection
EndGlobal
